
Microsoft Visual Studio Solution File, Format Version 12.00
# Visual Studio Version 17
VisualStudioVersion = 17.4.33122.133
MinimumVisualStudioVersion = 10.0.40219.1
Project("{FAE04EC0-301F-11D3-BF4B-00C04F79EFBC}") = "ConsoleApp1", "ConsoleApp1.csproj", "{904F54D7-8961-4473-AD2D-9FC3192FBE3F}"
EndProject
Global
	GlobalSection(SolutionConfigurationPlatforms) = preSolution
		Debug|Any CPU = Debug|Any CPU
		Release|Any CPU = Release|Any CPU
	EndGlobalSection
	GlobalSection(ProjectConfigurationPlatforms) = postSolution
		{904F54D7-8961-4473-AD2D-9FC3192FBE3F}.Debug|Any CPU.ActiveCfg = Debug|Any CPU
		{904F54D7-8961-4473-AD2D-9FC3192FBE3F}.Debug|Any CPU.Build.0 = Debug|Any CPU
		{904F54D7-8961-4473-AD2D-9FC3192FBE3F}.Release|Any CPU.ActiveCfg = Release|Any CPU
		{904F54D7-8961-4473-AD2D-9FC3192FBE3F}.Release|Any CPU.Build.0 = Release|Any CPU
	EndGlobalSection
	GlobalSection(SolutionProperties) = preSolution
		HideSolutionNode = FALSE
	EndGlobalSection
	GlobalSection(ExtensibilityGlobals) = postSolution
		SolutionGuid = {62E98804-CC3E-4996-B0A6-80F2C3EA9704}
	EndGlobalSection
EndGlobal
